// !$*UTF8*$!
{
	archiveVersion = 1;
	classes = {
	};
	objectVersion = 56;
	objects = {

/* Begin PBXBuildFile section */
		483FD54629D370130091C71B /* AppDelegate.swift in Sources */ = {isa = PBXBuildFile; fileRef = 483FD54529D370130091C71B /* AppDelegate.swift */; };
		483FD54829D370130091C71B /* SceneDelegate.swift in Sources */ = {isa = PBXBuildFile; fileRef = 483FD54729D370130091C71B /* SceneDelegate.swift */; };
		483FD54A29D370130091C71B /* ViewController.swift in Sources */ = {isa = PBXBuildFile; fileRef = 483FD54929D370130091C71B /* ViewController.swift */; };
		483FD54D29D370130091C71B /* Main.storyboard in Resources */ = {isa = PBXBuildFile; fileRef = 483FD54B29D370130091C71B /* Main.storyboard */; };
		483FD54F29D370140091C71B /* Assets.xcassets in Resources */ = {isa = PBXBuildFile; fileRef = 483FD54E29D370140091C71B /* Assets.xcassets */; };
		483FD55229D370140091C71B /* LaunchScreen.storyboard in Resources */ = {isa = PBXBuildFile; fileRef = 483FD55029D370140091C71B /* LaunchScreen.storyboard */; };
		483FD55D29D370140091C71B /* light2Tests.swift in Sources */ = {isa = PBXBuildFile; fileRef = 483FD55C29D370140091C71B /* light2Tests.swift */; };
		483FD56729D370140091C71B /* light2UITests.swift in Sources */ = {isa = PBXBuildFile; fileRef = 483FD56629D370140091C71B /* light2UITests.swift */; };
		483FD56929D370140091C71B /* light2UITestsLaunchTests.swift in Sources */ = {isa = PBXBuildFile; fileRef = 483FD56829D370140091C71B /* light2UITestsLaunchTests.swift */; };
/* End PBXBuildFile section */

/* Begin PBXContainerItemProxy section */
		483FD55929D370140091C71B /* PBXContainerItemProxy */ = {
			isa = PBXContainerItemProxy;
			containerPortal = 483FD53A29D370130091C71B /* Project object */;
			proxyType = 1;
			remoteGlobalIDString = 483FD54129D370130091C71B;
			remoteInfo = light2;
		};
		483FD56329D370140091C71B /* PBXContainerItemProxy */ = {
			isa = PBXContainerItemProxy;
			containerPortal = 483FD53A29D370130091C71B /* Project object */;
			proxyType = 1;
			remoteGlobalIDString = 483FD54129D370130091C71B;
			remoteInfo = light2;
		};
/* End PBXContainerItemProxy section */

/* Begin PBXFileReference section */
		483FD54229D370130091C71B /* light2.app */ = {isa = PBXFileReference; explicitFileType = wrapper.application; includeInIndex = 0; path = light2.app; sourceTree = BUILT_PRODUCTS_DIR; };
		483FD54529D370130091C71B /* AppDelegate.swift */ = {isa = PBXFileReference; lastKnownFileType = sourcecode.swift; path = AppDelegate.swift; sourceTree = "<group>"; };
		483FD54729D370130091C71B /* SceneDelegate.swift */ = {isa = PBXFileReference; lastKnownFileType = sourcecode.swift; path = SceneDelegate.swift; sourceTree = "<group>"; };
		483FD54929D370130091C71B /* ViewController.swift */ = {isa = PBXFileReference; lastKnownFileType = sourcecode.swift; path = ViewController.swift; sourceTree = "<group>"; };
		483FD54C29D370130091C71B /* Base */ = {isa = PBXFileReference; lastKnownFileType = file.storyboard; name = Base; path = Base.lproj/Main.storyboard; sourceTree = "<group>"; };
		483FD54E29D370140091C71B /* Assets.xcassets */ = {isa = PBXFileReference; lastKnownFileType = folder.assetcatalog; path = Assets.xcassets; sourceTree = "<group>"; };
		483FD55129D370140091C71B /* Base */ = {isa = PBXFileReference; lastKnownFileType = file.storyboard; name = Base; path = Base.lproj/LaunchScreen.storyboard; sourceTree = "<group>"; };
		483FD55329D370140091C71B /* Info.plist */ = {isa = PBXFileReference; lastKnownFileType = text.plist.xml; path = Info.plist; sourceTree = "<group>"; };
		483FD55829D370140091C71B /* light2Tests.xctest */ = {isa = PBXFileReference; explicitFileType = wrapper.cfbundle; includeInIndex = 0; path = light2Tests.xctest; sourceTree = BUILT_PRODUCTS_DIR; };
		483FD55C29D370140091C71B /* light2Tests.swift */ = {isa = PBXFileReference; lastKnownFileType = sourcecode.swift; path = light2Tests.swift; sourceTree = "<group>"; };
		483FD56229D370140091C71B /* light2UITests.xctest */ = {isa = PBXFileReference; explicitFileType = wrapper.cfbundle; includeInIndex = 0; path = light2UITests.xctest; sourceTree = BUILT_PRODUCTS_DIR; };
		483FD56629D370140091C71B /* light2UITests.swift */ = {isa = PBXFileReference; lastKnownFileType = sourcecode.swift; path = light2UITests.swift; sourceTree = "<group>"; };
		483FD56829D370140091C71B /* light2UITestsLaunchTests.swift */ = {isa = PBXFileReference; lastKnownFileType = sourcecode.swift; path = light2UITestsLaunchTests.swift; sourceTree = "<group>"; };
/* End PBXFileReference section */

/* Begin PBXFrameworksBuildPhase section */
		483FD53F29D370130091C71B /* Frameworks */ = {
			isa = PBXFrameworksBuildPhase;
			buildActionMask = 2147483647;
			files = (
			);
			runOnlyForDeploymentPostprocessing = 0;
		};
		483FD55529D370140091C71B /* Frameworks */ = {
			isa = PBXFrameworksBuildPhase;
			buildActionMask = 2147483647;
			files = (
			);
			runOnlyForDeploymentPostprocessing = 0;
		};
		483FD55F29D370140091C71B /* Frameworks */ = {
			isa = PBXFrameworksBuildPhase;
			buildActionMask = 2147483647;
			files = (
			);
			runOnlyForDeploymentPostprocessing = 0;
		};
/* End PBXFrameworksBuildPhase section */

/* Begin PBXGroup section */
		483FD53929D370130091C71B = {
			isa = PBXGroup;
			children = (
				483FD54429D370130091C71B /* light2 */,
				483FD55B29D370140091C71B /* light2Tests */,
				483FD56529D370140091C71B /* light2UITests */,
				483FD54329D370130091C71B /* Products */,
			);
			sourceTree = "<group>";
		};
		483FD54329D370130091C71B /* Products */ = {
			isa = PBXGroup;
			children = (
				483FD54229D370130091C71B /* light2.app */,
				483FD55829D370140091C71B /* light2Tests.xctest */,
				483FD56229D370140091C71B /* light2UITests.xctest */,
			);
			name = Products;
			sourceTree = "<group>";
		};
		483FD54429D370130091C71B /* light2 */ = {
			isa = PBXGroup;
			children = (
				483FD54529D370130091C71B /* AppDelegate.swift */,
				483FD54729D370130091C71B /* SceneDelegate.swift */,
				483FD54929D370130091C71B /* ViewController.swift */,
				483FD54B29D370130091C71B /* Main.storyboard */,
				483FD54E29D370140091C71B /* Assets.xcassets */,
				483FD55029D370140091C71B /* LaunchScreen.storyboard */,
				483FD55329D370140091C71B /* Info.plist */,
			);
			path = light2;
			sourceTree = "<group>";
		};
		483FD55B29D370140091C71B /* light2Tests */ = {
			isa = PBXGroup;
			children = (
				483FD55C29D370140091C71B /* light2Tests.swift */,
			);
			path = light2Tests;
			sourceTree = "<group>";
		};
		483FD56529D370140091C71B /* light2UITests */ = {
			isa = PBXGroup;
			children = (
				483FD56629D370140091C71B /* light2UITests.swift */,
				483FD56829D370140091C71B /* light2UITestsLaunchTests.swift */,
			);
			path = light2UITests;
			sourceTree = "<group>";
		};
/* End PBXGroup section */

/* Begin PBXNativeTarget section */
		483FD54129D370130091C71B /* light2 */ = {
			isa = PBXNativeTarget;
			buildConfigurationList = 483FD56C29D370140091C71B /* Build configuration list for PBXNativeTarget "light2" */;
			buildPhases = (
				483FD53E29D370130091C71B /* Sources */,
				483FD53F29D370130091C71B /* Frameworks */,
				483FD54029D370130091C71B /* Resources */,
			);
			buildRules = (
			);
			dependencies = (
			);
			name = light2;
			productName = light2;
			productReference = 483FD54229D370130091C71B /* light2.app */;
			productType = "com.apple.product-type.application";
		};
		483FD55729D370140091C71B /* light2Tests */ = {
			isa = PBXNativeTarget;
			buildConfigurationList = 483FD56F29D370140091C71B /* Build configuration list for PBXNativeTarget "light2Tests" */;
			buildPhases = (
				483FD55429D370140091C71B /* Sources */,
				483FD55529D370140091C71B /* Frameworks */,
				483FD55629D370140091C71B /* Resources */,
			);
			buildRules = (
			);
			dependencies = (
				483FD55A29D370140091C71B /* PBXTargetDependency */,
			);
			name = light2Tests;
			productName = light2Tests;
			productReference = 483FD55829D370140091C71B /* light2Tests.xctest */;
			productType = "com.apple.product-type.bundle.unit-test";
		};
		483FD56129D370140091C71B /* light2UITests */ = {
			isa = PBXNativeTarget;
			buildConfigurationList = 483FD57229D370140091C71B /* Build configuration list for PBXNativeTarget "light2UITests" */;
			buildPhases = (
				483FD55E29D370140091C71B /* Sources */,
				483FD55F29D370140091C71B /* Frameworks */,
				483FD56029D370140091C71B /* Resources */,
			);
			buildRules = (
			);
			dependencies = (
				483FD56429D370140091C71B /* PBXTargetDependency */,
			);
			name = light2UITests;
			productName = light2UITests;
			productReference = 483FD56229D370140091C71B /* light2UITests.xctest */;
			productType = "com.apple.product-type.bundle.ui-testing";
		};
/* End PBXNativeTarget section */

/* Begin PBXProject section */
		483FD53A29D370130091C71B /* Project object */ = {
			isa = PBXProject;
			attributes = {
				BuildIndependentTargetsInParallel = 1;
				LastSwiftUpdateCheck = 1420;
				LastUpgradeCheck = 1420;
				TargetAttributes = {
					483FD54129D370130091C71B = {
						CreatedOnToolsVersion = 14.2;
					};
					483FD55729D370140091C71B = {
						CreatedOnToolsVersion = 14.2;
						TestTargetID = 483FD54129D370130091C71B;
					};
					483FD56129D370140091C71B = {
						CreatedOnToolsVersion = 14.2;
						TestTargetID = 483FD54129D370130091C71B;
					};
				};
			};
			buildConfigurationList = 483FD53D29D370130091C71B /* Build configuration list for PBXProject "light2" */;
			compatibilityVersion = "Xcode 14.0";
			developmentRegion = en;
			hasScannedForEncodings = 0;
			knownRegions = (
				en,
				Base,
			);
			mainGroup = 483FD53929D370130091C71B;
			productRefGroup = 483FD54329D370130091C71B /* Products */;
			projectDirPath = "";
			projectRoot = "";
			targets = (
				483FD54129D370130091C71B /* light2 */,
				483FD55729D370140091C71B /* light2Tests */,
				483FD56129D370140091C71B /* light2UITests */,
			);
		};
/* End PBXProject section */

/* Begin PBXResourcesBuildPhase section */
		483FD54029D370130091C71B /* Resources */ = {
			isa = PBXResourcesBuildPhase;
			buildActionMask = 2147483647;
			files = (
				483FD55229D370140091C71B /* LaunchScreen.storyboard in Resources */,
				483FD54F29D370140091C71B /* Assets.xcassets in Resources */,
				483FD54D29D370130091C71B /* Main.storyboard in Resources */,
			);
			runOnlyForDeploymentPostprocessing = 0;
		};
		483FD55629D370140091C71B /* Resources */ = {
			isa = PBXResourcesBuildPhase;
			buildActionMask = 2147483647;
			files = (
			);
			runOnlyForDeploymentPostprocessing = 0;
		};
		483FD56029D370140091C71B /* Resources */ = {
			isa = PBXResourcesBuildPhase;
			buildActionMask = 2147483647;
			files = (
			);
			runOnlyForDeploymentPostprocessing = 0;
		};
/* End PBXResourcesBuildPhase section */

/* Begin PBXSourcesBuildPhase section */
		483FD53E29D370130091C71B /* Sources */ = {
			isa = PBXSourcesBuildPhase;
			buildActionMask = 2147483647;
			files = (
				483FD54A29D370130091C71B /* ViewController.swift in Sources */,
				483FD54629D370130091C71B /* AppDelegate.swift in Sources */,
				483FD54829D370130091C71B /* SceneDelegate.swift in Sources */,
			);
			runOnlyForDeploymentPostprocessing = 0;
		};
		483FD55429D370140091C71B /* Sources */ = {
			isa = PBXSourcesBuildPhase;
			buildActionMask = 2147483647;
			files = (
				483FD55D29D370140091C71B /* light2Tests.swift in Sources */,
			);
			runOnlyForDeploymentPostprocessing = 0;
		};
		483FD55E29D370140091C71B /* Sources */ = {
			isa = PBXSourcesBuildPhase;
			buildActionMask = 2147483647;
			files = (
				483FD56929D370140091C71B /* light2UITestsLaunchTests.swift in Sources */,
				483FD56729D370140091C71B /* light2UITests.swift in Sources */,
			);
			runOnlyForDeploymentPostprocessing = 0;
		};
/* End PBXSourcesBuildPhase section */

/* Begin PBXTargetDependency section */
		483FD55A29D370140091C71B /* PBXTargetDependency */ = {
			isa = PBXTargetDependency;
			target = 483FD54129D370130091C71B /* light2 */;
			targetProxy = 483FD55929D370140091C71B /* PBXContainerItemProxy */;
		};
		483FD56429D370140091C71B /* PBXTargetDependency */ = {
			isa = PBXTargetDependency;
			target = 483FD54129D370130091C71B /* light2 */;
			targetProxy = 483FD56329D370140091C71B /* PBXContainerItemProxy */;
		};
/* End PBXTargetDependency section */

/* Begin PBXVariantGroup section */
		483FD54B29D370130091C71B /* Main.storyboard */ = {
			isa = PBXVariantGroup;
			children = (
				483FD54C29D370130091C71B /* Base */,
			);
			name = Main.storyboard;
			sourceTree = "<group>";
		};
		483FD55029D370140091C71B /* LaunchScreen.storyboard */ = {
			isa = PBXVariantGroup;
			children = (
				483FD55129D370140091C71B /* Base */,
			);
			name = LaunchScreen.storyboard;
			sourceTree = "<group>";
		};
/* End PBXVariantGroup section */

/* Begin XCBuildConfiguration section */
		483FD56A29D370140091C71B /* Debug */ = {
			isa = XCBuildConfiguration;
			buildSettings = {
				ALWAYS_SEARCH_USER_PATHS = NO;
				CLANG_ANALYZER_NONNULL = YES;
				CLANG_ANALYZER_NUMBER_OBJECT_CONVERSION = YES_AGGRESSIVE;
				CLANG_CXX_LANGUAGE_STANDARD = "gnu++20";
				CLANG_ENABLE_MODULES = YES;
				CLANG_ENABLE_OBJC_ARC = YES;
				CLANG_ENABLE_OBJC_WEAK = YES;
				CLANG_WARN_BLOCK_CAPTURE_AUTORELEASING = YES;
				CLANG_WARN_BOOL_CONVERSION = YES;
				CLANG_WARN_COMMA = YES;
				CLANG_WARN_CONSTANT_CONVERSION = YES;
				CLANG_WARN_DEPRECATED_OBJC_IMPLEMENTATIONS = YES;
				CLANG_WARN_DIRECT_OBJC_ISA_USAGE = YES_ERROR;
				CLANG_WARN_DOCUMENTATION_COMMENTS = YES;
				CLANG_WARN_EMPTY_BODY = YES;
				CLANG_WARN_ENUM_CONVERSION = YES;
				CLANG_WARN_INFINITE_RECURSION = YES;
				CLANG_WARN_INT_CONVERSION = YES;
				CLANG_WARN_NON_LITERAL_NULL_CONVERSION = YES;
				CLANG_WARN_OBJC_IMPLICIT_RETAIN_SELF = YES;
				CLANG_WARN_OBJC_LITERAL_CONVERSION = YES;
				CLANG_WARN_OBJC_ROOT_CLASS = YES_ERROR;
				CLANG_WARN_QUOTED_INCLUDE_IN_FRAMEWORK_HEADER = YES;
				CLANG_WARN_RANGE_LOOP_ANALYSIS = YES;
				CLANG_WARN_STRICT_PROTOTYPES = YES;
				CLANG_WARN_SUSPICIOUS_MOVE = YES;
				CLANG_WARN_UNGUARDED_AVAILABILITY = YES_AGGRESSIVE;
				CLANG_WARN_UNREACHABLE_CODE = YES;
				CLANG_WARN__DUPLICATE_METHOD_MATCH = YES;
				COPY_PHASE_STRIP = NO;
				DEBUG_INFORMATION_FORMAT = dwarf;
				ENABLE_STRICT_OBJC_MSGSEND = YES;
				ENABLE_TESTABILITY = YES;
				GCC_C_LANGUAGE_STANDARD = gnu11;
				GCC_DYNAMIC_NO_PIC = NO;
				GCC_NO_COMMON_BLOCKS = YES;
				GCC_OPTIMIZATION_LEVEL = 0;
				GCC_PREPROCESSOR_DEFINITIONS = (
					"DEBUG=1",
					"$(inherited)",
				);
				GCC_WARN_64_TO_32_BIT_CONVERSION = YES;
				GCC_WARN_ABOUT_RETURN_TYPE = YES_ERROR;
				GCC_WARN_UNDECLARED_SELECTOR = YES;
				GCC_WARN_UNINITIALIZED_AUTOS = YES_AGGRESSIVE;
				GCC_WARN_UNUSED_FUNCTION = YES;
				GCC_WARN_UNUSED_VARIABLE = YES;
				IPHONEOS_DEPLOYMENT_TARGET = 16.2;
				MTL_ENABLE_DEBUG_INFO = INCLUDE_SOURCE;
				MTL_FAST_MATH = YES;
				ONLY_ACTIVE_ARCH = YES;
				SDKROOT = iphoneos;
				SWIFT_ACTIVE_COMPILATION_CONDITIONS = DEBUG;
				SWIFT_OPTIMIZATION_LEVEL = "-Onone";
			};
			name = Debug;
		};
		483FD56B29D370140091C71B /* Release */ = {
			isa = XCBuildConfiguration;
			buildSettings = {
				ALWAYS_SEARCH_USER_PATHS = NO;
				CLANG_ANALYZER_NONNULL = YES;
				CLANG_ANALYZER_NUMBER_OBJECT_CONVERSION = YES_AGGRESSIVE;
				CLANG_CXX_LANGUAGE_STANDARD = "gnu++20";
				CLANG_ENABLE_MODULES = YES;
				CLANG_ENABLE_OBJC_ARC = YES;
				CLANG_ENABLE_OBJC_WEAK = YES;
				CLANG_WARN_BLOCK_CAPTURE_AUTORELEASING = YES;
				CLANG_WARN_BOOL_CONVERSION = YES;
				CLANG_WARN_COMMA = YES;
				CLANG_WARN_CONSTANT_CONVERSION = YES;
				CLANG_WARN_DEPRECATED_OBJC_IMPLEMENTATIONS = YES;
				CLANG_WARN_DIRECT_OBJC_ISA_USAGE = YES_ERROR;
				CLANG_WARN_DOCUMENTATION_COMMENTS = YES;
				CLANG_WARN_EMPTY_BODY = YES;
				CLANG_WARN_ENUM_CONVERSION = YES;
				CLANG_WARN_INFINITE_RECURSION = YES;
				CLANG_WARN_INT_CONVERSION = YES;
				CLANG_WARN_NON_LITERAL_NULL_CONVERSION = YES;
				CLANG_WARN_OBJC_IMPLICIT_RETAIN_SELF = YES;
				CLANG_WARN_OBJC_LITERAL_CONVERSION = YES;
				CLANG_WARN_OBJC_ROOT_CLASS = YES_ERROR;
				CLANG_WARN_QUOTED_INCLUDE_IN_FRAMEWORK_HEADER = YES;
				CLANG_WARN_RANGE_LOOP_ANALYSIS = YES;
				CLANG_WARN_STRICT_PROTOTYPES = YES;
				CLANG_WARN_SUSPICIOUS_MOVE = YES;
				CLANG_WARN_UNGUARDED_AVAILABILITY = YES_AGGRESSIVE;
				CLANG_WARN_UNREACHABLE_CODE = YES;
				CLANG_WARN__DUPLICATE_METHOD_MATCH = YES;
				COPY_PHASE_STRIP = NO;
				DEBUG_INFORMATION_FORMAT = "dwarf-with-dsym";
				ENABLE_NS_ASSERTIONS = NO;
				ENABLE_STRICT_OBJC_MSGSEND = YES;
				GCC_C_LANGUAGE_STANDARD = gnu11;
				GCC_NO_COMMON_BLOCKS = YES;
				GCC_WARN_64_TO_32_BIT_CONVERSION = YES;
				GCC_WARN_ABOUT_RETURN_TYPE = YES_ERROR;
				GCC_WARN_UNDECLARED_SELECTOR = YES;
				GCC_WARN_UNINITIALIZED_AUTOS = YES_AGGRESSIVE;
				GCC_WARN_UNUSED_FUNCTION = YES;
				GCC_WARN_UNUSED_VARIABLE = YES;
				IPHONEOS_DEPLOYMENT_TARGET = 16.2;
				MTL_ENABLE_DEBUG_INFO = NO;
				MTL_FAST_MATH = YES;
				SDKROOT = iphoneos;
				SWIFT_COMPILATION_MODE = wholemodule;
				SWIFT_OPTIMIZATION_LEVEL = "-O";
				VALIDATE_PRODUCT = YES;
			};
			name = Release;
		};
		483FD56D29D370140091C71B /* Debug */ = {
			isa = XCBuildConfiguration;
			buildSettings = {
				ASSETCATALOG_COMPILER_APPICON_NAME = AppIcon;
				ASSETCATALOG_COMPILER_GLOBAL_ACCENT_COLOR_NAME = AccentColor;
				CODE_SIGN_STYLE = Automatic;
				CURRENT_PROJECT_VERSION = 1;
				GENERATE_INFOPLIST_FILE = YES;
				INFOPLIST_FILE = light2/Info.plist;
				INFOPLIST_KEY_UIApplicationSupportsIndirectInputEvents = YES;
				INFOPLIST_KEY_UILaunchStoryboardName = LaunchScreen;
				INFOPLIST_KEY_UIMainStoryboardFile = Main;
				INFOPLIST_KEY_UISupportedInterfaceOrientations_iPad = "UIInterfaceOrientationPortrait UIInterfaceOrientationPortraitUpsideDown UIInterfaceOrientationLandscapeLeft UIInterfaceOrientationLandscapeRight";
				INFOPLIST_KEY_UISupportedInterfaceOrientations_iPhone = "UIInterfaceOrientationPortrait UIInterfaceOrientationLandscapeLeft UIInterfaceOrientationLandscapeRight";
				LD_RUNPATH_SEARCH_PATHS = (
					"$(inherited)",
					"@executable_path/Frameworks",
				);
				MARKETING_VERSION = 1.0;
				PRODUCT_BUNDLE_IDENTIFIER = KoleReiser.light2;
				PRODUCT_NAME = "$(TARGET_NAME)";
				SWIFT_EMIT_LOC_STRINGS = YES;
				SWIFT_VERSION = 5.0;
				TARGETED_DEVICE_FAMILY = "1,2";
			};
			name = Debug;
		};
		483FD56E29D370140091C71B /* Release */ = {
			isa = XCBuildConfiguration;
			buildSettings = {
				ASSETCATALOG_COMPILER_APPICON_NAME = AppIcon;
				ASSETCATALOG_COMPILER_GLOBAL_ACCENT_COLOR_NAME = AccentColor;
				CODE_SIGN_STYLE = Automatic;
				CURRENT_PROJECT_VERSION = 1;
				GENERATE_INFOPLIST_FILE = YES;
				INFOPLIST_FILE = light2/Info.plist;
				INFOPLIST_KEY_UIApplicationSupportsIndirectInputEvents = YES;
				INFOPLIST_KEY_UILaunchStoryboardName = LaunchScreen;
				INFOPLIST_KEY_UIMainStoryboardFile = Main;
				INFOPLIST_KEY_UISupportedInterfaceOrientations_iPad = "UIInterfaceOrientationPortrait UIInterfaceOrientationPortraitUpsideDown UIInterfaceOrientationLandscapeLeft UIInterfaceOrientationLandscapeRight";
				INFOPLIST_KEY_UISupportedInterfaceOrientations_iPhone = "UIInterfaceOrientationPortrait UIInterfaceOrientationLandscapeLeft UIInterfaceOrientationLandscapeRight";
				LD_RUNPATH_SEARCH_PATHS = (
					"$(inherited)",
					"@executable_path/Frameworks",
				);
				MARKETING_VERSION = 1.0;
				PRODUCT_BUNDLE_IDENTIFIER = KoleReiser.light2;
				PRODUCT_NAME = "$(TARGET_NAME)";
				SWIFT_EMIT_LOC_STRINGS = YES;
				SWIFT_VERSION = 5.0;
				TARGETED_DEVICE_FAMILY = "1,2";
			};
			name = Release;
		};
		483FD57029D370140091C71B /* Debug */ = {
			isa = XCBuildConfiguration;
			buildSettings = {
				ALWAYS_EMBED_SWIFT_STANDARD_LIBRARIES = YES;
				BUNDLE_LOADER = "$(TEST_HOST)";
				CODE_SIGN_STYLE = Automatic;
				CURRENT_PROJECT_VERSION = 1;
				GENERATE_INFOPLIST_FILE = YES;
				IPHONEOS_DEPLOYMENT_TARGET = 16.2;
				MARKETING_VERSION = 1.0;
				PRODUCT_BUNDLE_IDENTIFIER = KoleReiser.light2Tests;
				PRODUCT_NAME = "$(TARGET_NAME)";
				SWIFT_EMIT_LOC_STRINGS = NO;
				SWIFT_VERSION = 5.0;
				TARGETED_DEVICE_FAMILY = "1,2";
				TEST_HOST = "$(BUILT_PRODUCTS_DIR)/light2.app/$(BUNDLE_EXECUTABLE_FOLDER_PATH)/light2";
			};
			name = Debug;
		};
		483FD57129D370140091C71B /* Release */ = {
			isa = XCBuildConfiguration;
			buildSettings = {
				ALWAYS_EMBED_SWIFT_STANDARD_LIBRARIES = YES;
				BUNDLE_LOADER = "$(TEST_HOST)";
				CODE_SIGN_STYLE = Automatic;
				CURRENT_PROJECT_VERSION = 1;
				GENERATE_INFOPLIST_FILE = YES;
				IPHONEOS_DEPLOYMENT_TARGET = 16.2;
				MARKETING_VERSION = 1.0;
				PRODUCT_BUNDLE_IDENTIFIER = KoleReiser.light2Tests;
				PRODUCT_NAME = "$(TARGET_NAME)";
				SWIFT_EMIT_LOC_STRINGS = NO;
				SWIFT_VERSION = 5.0;
				TARGETED_DEVICE_FAMILY = "1,2";
				TEST_HOST = "$(BUILT_PRODUCTS_DIR)/light2.app/$(BUNDLE_EXECUTABLE_FOLDER_PATH)/light2";
			};
			name = Release;
		};
		483FD57329D370140091C71B /* Debug */ = {
			isa = XCBuildConfiguration;
			buildSettings = {
				ALWAYS_EMBED_SWIFT_STANDARD_LIBRARIES = YES;
				CODE_SIGN_STYLE = Automatic;
				CURRENT_PROJECT_VERSION = 1;
				GENERATE_INFOPLIST_FILE = YES;
				MARKETING_VERSION = 1.0;
				PRODUCT_BUNDLE_IDENTIFIER = KoleReiser.light2UITests;
				PRODUCT_NAME = "$(TARGET_NAME)";
				SWIFT_EMIT_LOC_STRINGS = NO;
				SWIFT_VERSION = 5.0;
				TARGETED_DEVICE_FAMILY = "1,2";
				TEST_TARGET_NAME = light2;
			};
			name = Debug;
		};
		483FD57429D370140091C71B /* Release */ = {
			isa = XCBuildConfiguration;
			buildSettings = {
				ALWAYS_EMBED_SWIFT_STANDARD_LIBRARIES = YES;
				CODE_SIGN_STYLE = Automatic;
				CURRENT_PROJECT_VERSION = 1;
				GENERATE_INFOPLIST_FILE = YES;
				MARKETING_VERSION = 1.0;
				PRODUCT_BUNDLE_IDENTIFIER = KoleReiser.light2UITests;
				PRODUCT_NAME = "$(TARGET_NAME)";
				SWIFT_EMIT_LOC_STRINGS = NO;
				SWIFT_VERSION = 5.0;
				TARGETED_DEVICE_FAMILY = "1,2";
				TEST_TARGET_NAME = light2;
			};
			name = Release;
		};
/* End XCBuildConfiguration section */

/* Begin XCConfigurationList section */
		483FD53D29D370130091C71B /* Build configuration list for PBXProject "light2" */ = {
			isa = XCConfigurationList;
			buildConfigurations = (
				483FD56A29D370140091C71B /* Debug */,
				483FD56B29D370140091C71B /* Release */,
			);
			defaultConfigurationIsVisible = 0;
			defaultConfigurationName = Release;
		};
		483FD56C29D370140091C71B /* Build configuration list for PBXNativeTarget "light2" */ = {
			isa = XCConfigurationList;
			buildConfigurations = (
				483FD56D29D370140091C71B /* Debug */,
				483FD56E29D370140091C71B /* Release */,
			);
			defaultConfigurationIsVisible = 0;
			defaultConfigurationName = Release;
		};
		483FD56F29D370140091C71B /* Build configuration list for PBXNativeTarget "light2Tests" */ = {
			isa = XCConfigurationList;
			buildConfigurations = (
				483FD57029D370140091C71B /* Debug */,
				483FD57129D370140091C71B /* Release */,
			);
			defaultConfigurationIsVisible = 0;
			defaultConfigurationName = Release;
		};
		483FD57229D370140091C71B /* Build configuration list for PBXNativeTarget "light2UITests" */ = {
			isa = XCConfigurationList;
			buildConfigurations = (
				483FD57329D370140091C71B /* Debug */,
				483FD57429D370140091C71B /* Release */,
			);
			defaultConfigurationIsVisible = 0;
			defaultConfigurationName = Release;
		};
/* End XCConfigurationList section */
	};
	rootObject = 483FD53A29D370130091C71B /* Project object */;
}
